
Microsoft Visual Studio Solution File, Format Version 12.00
# Visual Studio Version 17
VisualStudioVersion = 17.12.35527.113 d17.12
MinimumVisualStudioVersion = 10.0.40219.1
Project("{FAE04EC0-301F-11D3-BF4B-00C04F79EFBC}") = "TalentNodeApi", "TalentNodeApi\TalentNodeApi.csproj", "{DAA776B2-9B31-45C8-9B0A-A6093F829AF8}"
EndProject
Project("{FAE04EC0-301F-11D3-BF4B-00C04F79EFBC}") = "TalentNode.Application", "TalentNode.Application\TalentNode.Application.csproj", "{0D5B71B5-1FF8-428A-8705-F28DCB362FE2}"
EndProject
Project("{FAE04EC0-301F-11D3-BF4B-00C04F79EFBC}") = "TalentNode.Domain", "TalentNode.Domain\TalentNode.Domain.csproj", "{A0E10319-5A26-42A4-8E90-EA11F936FFE8}"
EndProject
Project("{FAE04EC0-301F-11D3-BF4B-00C04F79EFBC}") = "TalentNode.Infrastructure", "TalentNode.Infrastructure\TalentNode.Infrastructure.csproj", "{BF7A64EC-5D16-4480-A74C-42B7E432FE54}"
EndProject
Global
	GlobalSection(SolutionConfigurationPlatforms) = preSolution
		Debug|Any CPU = Debug|Any CPU
		Release|Any CPU = Release|Any CPU
	EndGlobalSection
	GlobalSection(ProjectConfigurationPlatforms) = postSolution
		{DAA776B2-9B31-45C8-9B0A-A6093F829AF8}.Debug|Any CPU.ActiveCfg = Debug|Any CPU
		{DAA776B2-9B31-45C8-9B0A-A6093F829AF8}.Debug|Any CPU.Build.0 = Debug|Any CPU
		{DAA776B2-9B31-45C8-9B0A-A6093F829AF8}.Release|Any CPU.ActiveCfg = Release|Any CPU
		{DAA776B2-9B31-45C8-9B0A-A6093F829AF8}.Release|Any CPU.Build.0 = Release|Any CPU
		{0D5B71B5-1FF8-428A-8705-F28DCB362FE2}.Debug|Any CPU.ActiveCfg = Debug|Any CPU
		{0D5B71B5-1FF8-428A-8705-F28DCB362FE2}.Debug|Any CPU.Build.0 = Debug|Any CPU
		{0D5B71B5-1FF8-428A-8705-F28DCB362FE2}.Release|Any CPU.ActiveCfg = Release|Any CPU
		{0D5B71B5-1FF8-428A-8705-F28DCB362FE2}.Release|Any CPU.Build.0 = Release|Any CPU
		{A0E10319-5A26-42A4-8E90-EA11F936FFE8}.Debug|Any CPU.ActiveCfg = Debug|Any CPU
		{A0E10319-5A26-42A4-8E90-EA11F936FFE8}.Debug|Any CPU.Build.0 = Debug|Any CPU
		{A0E10319-5A26-42A4-8E90-EA11F936FFE8}.Release|Any CPU.ActiveCfg = Release|Any CPU
		{A0E10319-5A26-42A4-8E90-EA11F936FFE8}.Release|Any CPU.Build.0 = Release|Any CPU
		{BF7A64EC-5D16-4480-A74C-42B7E432FE54}.Debug|Any CPU.ActiveCfg = Debug|Any CPU
		{BF7A64EC-5D16-4480-A74C-42B7E432FE54}.Debug|Any CPU.Build.0 = Debug|Any CPU
		{BF7A64EC-5D16-4480-A74C-42B7E432FE54}.Release|Any CPU.ActiveCfg = Release|Any CPU
		{BF7A64EC-5D16-4480-A74C-42B7E432FE54}.Release|Any CPU.Build.0 = Release|Any CPU
	EndGlobalSection
	GlobalSection(SolutionProperties) = preSolution
		HideSolutionNode = FALSE
	EndGlobalSection
EndGlobal
